
Microsoft Visual Studio Solution File, Format Version 12.00
# Visual Studio Version 17
VisualStudioVersion = 17.2.32602.215
MinimumVisualStudioVersion = 10.0.40219.1
Project("{9A19103F-16F7-4668-BE54-9A1E7A4F7556}") = "ComponentFactory.Krypton.Toolkit", "..\Krypton Components\ComponentFactory.Krypton.Toolkit\ComponentFactory.Krypton.Toolkit.csproj", "{8E9537CB-6608-436F-8CC2-A9A2F6F53067}"
EndProject
Project("{9A19103F-16F7-4668-BE54-9A1E7A4F7556}") = "ComponentFactory.Krypton.Docking", "..\Krypton Components\ComponentFactory.Krypton.Docking\ComponentFactory.Krypton.Docking.csproj", "{93D4AFA3-F8F2-4DF6-B109-5F3EE02BDCA2}"
EndProject
Project("{9A19103F-16F7-4668-BE54-9A1E7A4F7556}") = "ComponentFactory.Krypton.Navigator", "..\Krypton Components\ComponentFactory.Krypton.Navigator\ComponentFactory.Krypton.Navigator.csproj", "{B24F1325-7B17-4E1B-B367-A1F90400DFE6}"
EndProject
Project("{9A19103F-16F7-4668-BE54-9A1E7A4F7556}") = "ComponentFactory.Krypton.Workspace", "..\Krypton Components\ComponentFactory.Krypton.Workspace\ComponentFactory.Krypton.Workspace.csproj", "{B2AFF886-4CCD-4958-B89F-14FE590AD961}"
EndProject
Project("{9A19103F-16F7-4668-BE54-9A1E7A4F7556}") = "Standard Docking", "Standard Docking\Standard Docking.csproj", "{4A8C4E60-0196-4F20-A5D7-618D4BB50F98}"
EndProject
Project("{9A19103F-16F7-4668-BE54-9A1E7A4F7556}") = "ComponentFactory.Krypton.Ribbon", "..\Krypton Components\ComponentFactory.Krypton.Ribbon\ComponentFactory.Krypton.Ribbon.csproj", "{2C92C3CC-7348-4BEE-B7D7-EFA0C40710CB}"
EndProject
Project("{9A19103F-16F7-4668-BE54-9A1E7A4F7556}") = "Navigator + FloatingWindows", "Navigator + FloatingWindows\Navigator + FloatingWindows.csproj", "{B5C7A85B-50EF-4723-8F68-32705FF78649}"
EndProject
Project("{FAE04EC0-301F-11D3-BF4B-00C04F79EFBC}") = "Multi Control Docking", "Multi Control Docking\Multi Control Docking.csproj", "{5C0BD8AB-493D-4AA2-AA1C-C4F6FCD4B251}"
EndProject
Project("{FAE04EC0-301F-11D3-BF4B-00C04F79EFBC}") = "External Drag To Docking", "External Drag To Docking\External Drag To Docking.csproj", "{AF106251-FC17-4159-8998-2FF3194F4CC8}"
EndProject
Project("{FAE04EC0-301F-11D3-BF4B-00C04F79EFBC}") = "Docking Persistence", "Docking Persistence\Docking Persistence.csproj", "{D46B0894-0667-4F47-B7C7-947527B7929E}"
EndProject
Project("{FAE04EC0-301F-11D3-BF4B-00C04F79EFBC}") = "Docking Flags", "Docking Flags\Docking Flags.csproj", "{2F2CE860-8F0D-4484-808E-466754BCE33F}"
EndProject
Project("{FAE04EC0-301F-11D3-BF4B-00C04F79EFBC}") = "Docking Customized", "Docking Customized\Docking Customized.csproj", "{C85E9A11-DAB3-4722-B9B7-4C1D9A71C6B3}"
EndProject
Global
	GlobalSection(SolutionConfigurationPlatforms) = preSolution
		Debug|Any CPU = Debug|Any CPU
		Release|Any CPU = Release|Any CPU
	EndGlobalSection
	GlobalSection(ProjectConfigurationPlatforms) = postSolution
		{8E9537CB-6608-436F-8CC2-A9A2F6F53067}.Debug|Any CPU.ActiveCfg = Debug|Any CPU
		{8E9537CB-6608-436F-8CC2-A9A2F6F53067}.Debug|Any CPU.Build.0 = Debug|Any CPU
		{8E9537CB-6608-436F-8CC2-A9A2F6F53067}.Release|Any CPU.ActiveCfg = Release|Any CPU
		{8E9537CB-6608-436F-8CC2-A9A2F6F53067}.Release|Any CPU.Build.0 = Release|Any CPU
		{93D4AFA3-F8F2-4DF6-B109-5F3EE02BDCA2}.Debug|Any CPU.ActiveCfg = Debug|Any CPU
		{93D4AFA3-F8F2-4DF6-B109-5F3EE02BDCA2}.Debug|Any CPU.Build.0 = Debug|Any CPU
		{93D4AFA3-F8F2-4DF6-B109-5F3EE02BDCA2}.Release|Any CPU.ActiveCfg = Release|Any CPU
		{93D4AFA3-F8F2-4DF6-B109-5F3EE02BDCA2}.Release|Any CPU.Build.0 = Release|Any CPU
		{B24F1325-7B17-4E1B-B367-A1F90400DFE6}.Debug|Any CPU.ActiveCfg = Debug|Any CPU
		{B24F1325-7B17-4E1B-B367-A1F90400DFE6}.Debug|Any CPU.Build.0 = Debug|Any CPU
		{B24F1325-7B17-4E1B-B367-A1F90400DFE6}.Release|Any CPU.ActiveCfg = Release|Any CPU
		{B24F1325-7B17-4E1B-B367-A1F90400DFE6}.Release|Any CPU.Build.0 = Release|Any CPU
		{B2AFF886-4CCD-4958-B89F-14FE590AD961}.Debug|Any CPU.ActiveCfg = Debug|Any CPU
		{B2AFF886-4CCD-4958-B89F-14FE590AD961}.Debug|Any CPU.Build.0 = Debug|Any CPU
		{B2AFF886-4CCD-4958-B89F-14FE590AD961}.Release|Any CPU.ActiveCfg = Release|Any CPU
		{B2AFF886-4CCD-4958-B89F-14FE590AD961}.Release|Any CPU.Build.0 = Release|Any CPU
		{4A8C4E60-0196-4F20-A5D7-618D4BB50F98}.Debug|Any CPU.ActiveCfg = Debug|Any CPU
		{4A8C4E60-0196-4F20-A5D7-618D4BB50F98}.Debug|Any CPU.Build.0 = Debug|Any CPU
		{4A8C4E60-0196-4F20-A5D7-618D4BB50F98}.Release|Any CPU.ActiveCfg = Release|Any CPU
		{4A8C4E60-0196-4F20-A5D7-618D4BB50F98}.Release|Any CPU.Build.0 = Release|Any CPU
		{2C92C3CC-7348-4BEE-B7D7-EFA0C40710CB}.Debug|Any CPU.ActiveCfg = Debug|Any CPU
		{2C92C3CC-7348-4BEE-B7D7-EFA0C40710CB}.Debug|Any CPU.Build.0 = Debug|Any CPU
		{2C92C3CC-7348-4BEE-B7D7-EFA0C40710CB}.Release|Any CPU.ActiveCfg = Release|Any CPU
		{2C92C3CC-7348-4BEE-B7D7-EFA0C40710CB}.Release|Any CPU.Build.0 = Release|Any CPU
		{B5C7A85B-50EF-4723-8F68-32705FF78649}.Debug|Any CPU.ActiveCfg = Debug|Any CPU
		{B5C7A85B-50EF-4723-8F68-32705FF78649}.Debug|Any CPU.Build.0 = Debug|Any CPU
		{B5C7A85B-50EF-4723-8F68-32705FF78649}.Release|Any CPU.ActiveCfg = Release|Any CPU
		{B5C7A85B-50EF-4723-8F68-32705FF78649}.Release|Any CPU.Build.0 = Release|Any CPU
		{5C0BD8AB-493D-4AA2-AA1C-C4F6FCD4B251}.Debug|Any CPU.ActiveCfg = Debug|Any CPU
		{5C0BD8AB-493D-4AA2-AA1C-C4F6FCD4B251}.Debug|Any CPU.Build.0 = Debug|Any CPU
		{5C0BD8AB-493D-4AA2-AA1C-C4F6FCD4B251}.Release|Any CPU.ActiveCfg = Release|Any CPU
		{5C0BD8AB-493D-4AA2-AA1C-C4F6FCD4B251}.Release|Any CPU.Build.0 = Release|Any CPU
		{AF106251-FC17-4159-8998-2FF3194F4CC8}.Debug|Any CPU.ActiveCfg = Debug|Any CPU
		{AF106251-FC17-4159-8998-2FF3194F4CC8}.Debug|Any CPU.Build.0 = Debug|Any CPU
		{AF106251-FC17-4159-8998-2FF3194F4CC8}.Release|Any CPU.ActiveCfg = Release|Any CPU
		{AF106251-FC17-4159-8998-2FF3194F4CC8}.Release|Any CPU.Build.0 = Release|Any CPU
		{D46B0894-0667-4F47-B7C7-947527B7929E}.Debug|Any CPU.ActiveCfg = Debug|Any CPU
		{D46B0894-0667-4F47-B7C7-947527B7929E}.Debug|Any CPU.Build.0 = Debug|Any CPU
		{D46B0894-0667-4F47-B7C7-947527B7929E}.Release|Any CPU.ActiveCfg = Release|Any CPU
		{D46B0894-0667-4F47-B7C7-947527B7929E}.Release|Any CPU.Build.0 = Release|Any CPU
		{2F2CE860-8F0D-4484-808E-466754BCE33F}.Debug|Any CPU.ActiveCfg = Debug|Any CPU
		{2F2CE860-8F0D-4484-808E-466754BCE33F}.Debug|Any CPU.Build.0 = Debug|Any CPU
		{2F2CE860-8F0D-4484-808E-466754BCE33F}.Release|Any CPU.ActiveCfg = Release|Any CPU
		{2F2CE860-8F0D-4484-808E-466754BCE33F}.Release|Any CPU.Build.0 = Release|Any CPU
		{C85E9A11-DAB3-4722-B9B7-4C1D9A71C6B3}.Debug|Any CPU.ActiveCfg = Debug|Any CPU
		{C85E9A11-DAB3-4722-B9B7-4C1D9A71C6B3}.Debug|Any CPU.Build.0 = Debug|Any CPU
		{C85E9A11-DAB3-4722-B9B7-4C1D9A71C6B3}.Release|Any CPU.ActiveCfg = Release|Any CPU
		{C85E9A11-DAB3-4722-B9B7-4C1D9A71C6B3}.Release|Any CPU.Build.0 = Release|Any CPU
	EndGlobalSection
	GlobalSection(SolutionProperties) = preSolution
		HideSolutionNode = FALSE
	EndGlobalSection
	GlobalSection(ExtensibilityGlobals) = postSolution
		SolutionGuid = {4AFEF61A-371C-43BE-ABFF-542C23C59A9B}
	EndGlobalSection
EndGlobal
