
Microsoft Visual Studio Solution File, Format Version 12.00
# Visual Studio Version 17
VisualStudioVersion = 17.2.32602.215
MinimumVisualStudioVersion = 10.0.40219.1
Project("{9A19103F-16F7-4668-BE54-9A1E7A4F7556}") = "ComponentFactory.Krypton.Toolkit", "ComponentFactory.Krypton.Toolkit\ComponentFactory.Krypton.Toolkit.csproj", "{8E9537CB-6608-436F-8CC2-A9A2F6F53067}"
EndProject
Project("{9A19103F-16F7-4668-BE54-9A1E7A4F7556}") = "ComponentFactory.Krypton.Docking", "ComponentFactory.Krypton.Docking\ComponentFactory.Krypton.Docking.csproj", "{93D4AFA3-F8F2-4DF6-B109-5F3EE02BDCA2}"
EndProject
Project("{9A19103F-16F7-4668-BE54-9A1E7A4F7556}") = "ComponentFactory.Krypton.Navigator", "ComponentFactory.Krypton.Navigator\ComponentFactory.Krypton.Navigator.csproj", "{B24F1325-7B17-4E1B-B367-A1F90400DFE6}"
EndProject
Project("{9A19103F-16F7-4668-BE54-9A1E7A4F7556}") = "ComponentFactory.Krypton.Workspace", "ComponentFactory.Krypton.Workspace\ComponentFactory.Krypton.Workspace.csproj", "{B2AFF886-4CCD-4958-B89F-14FE590AD961}"
EndProject
Project("{9A19103F-16F7-4668-BE54-9A1E7A4F7556}") = "ComponentFactory.Krypton.Ribbon", "ComponentFactory.Krypton.Ribbon\ComponentFactory.Krypton.Ribbon.csproj", "{2496299A-F632-4126-9D79-203242F06C8E}"
EndProject
Global
	GlobalSection(SolutionConfigurationPlatforms) = preSolution
		Debug|Any CPU = Debug|Any CPU
		Release|Any CPU = Release|Any CPU
	EndGlobalSection
	GlobalSection(ProjectConfigurationPlatforms) = postSolution
		{8E9537CB-6608-436F-8CC2-A9A2F6F53067}.Debug|Any CPU.ActiveCfg = Debug|Any CPU
		{8E9537CB-6608-436F-8CC2-A9A2F6F53067}.Debug|Any CPU.Build.0 = Debug|Any CPU
		{8E9537CB-6608-436F-8CC2-A9A2F6F53067}.Release|Any CPU.ActiveCfg = Release|Any CPU
		{8E9537CB-6608-436F-8CC2-A9A2F6F53067}.Release|Any CPU.Build.0 = Release|Any CPU
		{93D4AFA3-F8F2-4DF6-B109-5F3EE02BDCA2}.Debug|Any CPU.ActiveCfg = Debug|Any CPU
		{93D4AFA3-F8F2-4DF6-B109-5F3EE02BDCA2}.Debug|Any CPU.Build.0 = Debug|Any CPU
		{93D4AFA3-F8F2-4DF6-B109-5F3EE02BDCA2}.Release|Any CPU.ActiveCfg = Release|Any CPU
		{93D4AFA3-F8F2-4DF6-B109-5F3EE02BDCA2}.Release|Any CPU.Build.0 = Release|Any CPU
		{B24F1325-7B17-4E1B-B367-A1F90400DFE6}.Debug|Any CPU.ActiveCfg = Debug|Any CPU
		{B24F1325-7B17-4E1B-B367-A1F90400DFE6}.Debug|Any CPU.Build.0 = Debug|Any CPU
		{B24F1325-7B17-4E1B-B367-A1F90400DFE6}.Release|Any CPU.ActiveCfg = Release|Any CPU
		{B24F1325-7B17-4E1B-B367-A1F90400DFE6}.Release|Any CPU.Build.0 = Release|Any CPU
		{B2AFF886-4CCD-4958-B89F-14FE590AD961}.Debug|Any CPU.ActiveCfg = Debug|Any CPU
		{B2AFF886-4CCD-4958-B89F-14FE590AD961}.Debug|Any CPU.Build.0 = Debug|Any CPU
		{B2AFF886-4CCD-4958-B89F-14FE590AD961}.Release|Any CPU.ActiveCfg = Release|Any CPU
		{B2AFF886-4CCD-4958-B89F-14FE590AD961}.Release|Any CPU.Build.0 = Release|Any CPU
		{2496299A-F632-4126-9D79-203242F06C8E}.Debug|Any CPU.ActiveCfg = Debug|Any CPU
		{2496299A-F632-4126-9D79-203242F06C8E}.Debug|Any CPU.Build.0 = Debug|Any CPU
		{2496299A-F632-4126-9D79-203242F06C8E}.Release|Any CPU.ActiveCfg = Release|Any CPU
		{2496299A-F632-4126-9D79-203242F06C8E}.Release|Any CPU.Build.0 = Release|Any CPU
	EndGlobalSection
	GlobalSection(SolutionProperties) = preSolution
		HideSolutionNode = FALSE
	EndGlobalSection
	GlobalSection(ExtensibilityGlobals) = postSolution
		SolutionGuid = {4AFEF61A-371C-43BE-ABFF-542C23C59A9B}
	EndGlobalSection
EndGlobal
